
Microsoft Visual Studio Solution File, Format Version 12.00
# Visual Studio Version 17
VisualStudioVersion = 17.13.35828.75
MinimumVisualStudioVersion = 10.0.40219.1
Project("{FAE04EC0-301F-11D3-BF4B-00C04F79EFBC}") = "LayeredArchitecture", "LayeredArchitecture\LayeredArchitecture.csproj", "{CA5754BE-ECA6-B0D9-C9AC-B6C494DD4FB8}"
EndProject
Project("{FAE04EC0-301F-11D3-BF4B-00C04F79EFBC}") = "LayeredArchitectureTest", "LayeredArchitectureTest\LayeredArchitectureTest.csproj", "{D364F29D-1DDB-86DD-BB69-A71FB3C73A55}"
EndProject
Global
	GlobalSection(SolutionConfigurationPlatforms) = preSolution
		Debug|Any CPU = Debug|Any CPU
		Release|Any CPU = Release|Any CPU
	EndGlobalSection
	GlobalSection(ProjectConfigurationPlatforms) = postSolution
		{CA5754BE-ECA6-B0D9-C9AC-B6C494DD4FB8}.Debug|Any CPU.ActiveCfg = Debug|Any CPU
		{CA5754BE-ECA6-B0D9-C9AC-B6C494DD4FB8}.Debug|Any CPU.Build.0 = Debug|Any CPU
		{CA5754BE-ECA6-B0D9-C9AC-B6C494DD4FB8}.Release|Any CPU.ActiveCfg = Release|Any CPU
		{CA5754BE-ECA6-B0D9-C9AC-B6C494DD4FB8}.Release|Any CPU.Build.0 = Release|Any CPU
		{D364F29D-1DDB-86DD-BB69-A71FB3C73A55}.Debug|Any CPU.ActiveCfg = Debug|Any CPU
		{D364F29D-1DDB-86DD-BB69-A71FB3C73A55}.Debug|Any CPU.Build.0 = Debug|Any CPU
		{D364F29D-1DDB-86DD-BB69-A71FB3C73A55}.Release|Any CPU.ActiveCfg = Release|Any CPU
		{D364F29D-1DDB-86DD-BB69-A71FB3C73A55}.Release|Any CPU.Build.0 = Release|Any CPU
	EndGlobalSection
	GlobalSection(SolutionProperties) = preSolution
		HideSolutionNode = FALSE
	EndGlobalSection
	GlobalSection(ExtensibilityGlobals) = postSolution
		SolutionGuid = {06E3E8C5-DB2E-43EB-9746-15FCCD28A876}
	EndGlobalSection
EndGlobal
